
Microsoft Visual Studio Solution File, Format Version 12.00
# Visual Studio 15
Project("{FAE04EC0-301F-11D3-BF4B-00C04F79EFBC}") = "Assembly-CSharp", "Assembly-CSharp.csproj", "{6375BACF-E77E-1F56-4E7B-19A7DFE8FA27}"
EndProject
Project("{FAE04EC0-301F-11D3-BF4B-00C04F79EFBC}") = "Assembly-CSharp-Editor", "Assembly-CSharp-Editor.csproj", "{7128E842-99BB-7F00-AB42-E5AC1DD83DA3}"
EndProject
Global
	GlobalSection(SolutionConfigurationPlatforms) = preSolution
		Debug|Any CPU = Debug|Any CPU
		Release|Any CPU = Release|Any CPU
	EndGlobalSection
	GlobalSection(ProjectConfigurationPlatforms) = postSolution
		{6375BACF-E77E-1F56-4E7B-19A7DFE8FA27}.Debug|Any CPU.ActiveCfg = Debug|Any CPU
		{6375BACF-E77E-1F56-4E7B-19A7DFE8FA27}.Debug|Any CPU.Build.0 = Debug|Any CPU
		{6375BACF-E77E-1F56-4E7B-19A7DFE8FA27}.Release|Any CPU.ActiveCfg = Release|Any CPU
		{6375BACF-E77E-1F56-4E7B-19A7DFE8FA27}.Release|Any CPU.Build.0 = Release|Any CPU
		{7128E842-99BB-7F00-AB42-E5AC1DD83DA3}.Debug|Any CPU.ActiveCfg = Debug|Any CPU
		{7128E842-99BB-7F00-AB42-E5AC1DD83DA3}.Debug|Any CPU.Build.0 = Debug|Any CPU
		{7128E842-99BB-7F00-AB42-E5AC1DD83DA3}.Release|Any CPU.ActiveCfg = Release|Any CPU
		{7128E842-99BB-7F00-AB42-E5AC1DD83DA3}.Release|Any CPU.Build.0 = Release|Any CPU
	EndGlobalSection
	GlobalSection(SolutionProperties) = preSolution
		HideSolutionNode = FALSE
	EndGlobalSection
EndGlobal
